// !$*UTF8*$!
{
	archiveVersion = 1;
	classes = {
	};
	objectVersion = 50;
	objects = {

/* Begin PBXBuildFile section */
		2BB9E75C26AB605700112651 /* AppDelegate.swift in Sources */ = {isa = PBXBuildFile; fileRef = 2BB9E75B26AB605700112651 /* AppDelegate.swift */; };
		2BB9E75E26AB605700112651 /* SceneDelegate.swift in Sources */ = {isa = PBXBuildFile; fileRef = 2BB9E75D26AB605700112651 /* SceneDelegate.swift */; };
		2BB9E76826AB605900112651 /* LaunchScreen.storyboard in Resources */ = {isa = PBXBuildFile; fileRef = 2BB9E76626AB605900112651 /* LaunchScreen.storyboard */; };
		2BB9F29126ADFAF100F43852 /* Data.swift in Sources */ = {isa = PBXBuildFile; fileRef = 2BB9F29026ADFAF100F43852 /* Data.swift */; };
		2BB9F29526AE01A300F43852 /* s1-title.txt in Resources */ = {isa = PBXBuildFile; fileRef = 2BB9F29426AE01A300F43852 /* s1-title.txt */; };
		2BB9F29726AE01B800F43852 /* s1-text.txt in Resources */ = {isa = PBXBuildFile; fileRef = 2BB9F29626AE01B800F43852 /* s1-text.txt */; };
		2BB9F2EC26AF1F6200F43852 /* story-1-path.swift in Sources */ = {isa = PBXBuildFile; fileRef = 2BB9F2EB26AF1F6200F43852 /* story-1-path.swift */; };
		2BB9F2FE26AF556600F43852 /* s2-title.txt in Resources */ = {isa = PBXBuildFile; fileRef = 2BB9F2FD26AF556600F43852 /* s2-title.txt */; };
		2BB9F30126AF557E00F43852 /* story-2-path.swift in Sources */ = {isa = PBXBuildFile; fileRef = 2BB9F30026AF557E00F43852 /* story-2-path.swift */; };
		2BB9F30226AF57B500F43852 /* s2-text.txt in Resources */ = {isa = PBXBuildFile; fileRef = 2BB9F2FF26AF556C00F43852 /* s2-text.txt */; };
		2BB9F30726AF5D9D00F43852 /* s3-text.txt in Resources */ = {isa = PBXBuildFile; fileRef = 2BB9F30626AF5D9D00F43852 /* s3-text.txt */; };
		2BB9F30926AF5DAF00F43852 /* s3-title.txt in Resources */ = {isa = PBXBuildFile; fileRef = 2BB9F30826AF5DAF00F43852 /* s3-title.txt */; };
		2BB9F30B26AF5EEC00F43852 /* story-3-path.swift in Sources */ = {isa = PBXBuildFile; fileRef = 2BB9F30A26AF5EEC00F43852 /* story-3-path.swift */; };
		2BB9F30E26AF5FA900F43852 /* story-4-path.swift in Sources */ = {isa = PBXBuildFile; fileRef = 2BB9F30D26AF5FA900F43852 /* story-4-path.swift */; };
		2BB9F31026AF5FB300F43852 /* s4-text.txt in Resources */ = {isa = PBXBuildFile; fileRef = 2BB9F30F26AF5FB300F43852 /* s4-text.txt */; };
		2BB9F31226AF5FBE00F43852 /* s4-title.txt in Resources */ = {isa = PBXBuildFile; fileRef = 2BB9F31126AF5FBE00F43852 /* s4-title.txt */; };
		6C2E37A426B747640063DEF6 /* UCTitleMainImage.swift in Sources */ = {isa = PBXBuildFile; fileRef = 6C2E37A326B747640063DEF6 /* UCTitleMainImage.swift */; };
		6C2E37A626B7F6980063DEF6 /* SCollectionView.swift in Sources */ = {isa = PBXBuildFile; fileRef = 6C2E37A526B7F6980063DEF6 /* SCollectionView.swift */; };
		6C2E37A826B7FE480063DEF6 /* SCollectionViewCell.swift in Sources */ = {isa = PBXBuildFile; fileRef = 6C2E37A726B7FE480063DEF6 /* SCollectionViewCell.swift */; };
		6C2E37AD26B83D650063DEF6 /* story-5-path.swift in Sources */ = {isa = PBXBuildFile; fileRef = 6C2E37AC26B83D650063DEF6 /* story-5-path.swift */; };
		6C2E37AF26B83D7B0063DEF6 /* story-6-path.swift in Sources */ = {isa = PBXBuildFile; fileRef = 6C2E37AE26B83D7B0063DEF6 /* story-6-path.swift */; };
		6C2E37B526B8457D0063DEF6 /* s5-text.txt in Resources */ = {isa = PBXBuildFile; fileRef = 6C2E37B426B8457D0063DEF6 /* s5-text.txt */; };
		6C2E37B726B847A90063DEF6 /* s5-title.txt in Resources */ = {isa = PBXBuildFile; fileRef = 6C2E37B626B847A90063DEF6 /* s5-title.txt */; };
		6C2E37B926B848C80063DEF6 /* s6-text.txt in Resources */ = {isa = PBXBuildFile; fileRef = 6C2E37B826B848C80063DEF6 /* s6-text.txt */; };
		6C2E37BB26B84A0B0063DEF6 /* s6-title.txt in Resources */ = {isa = PBXBuildFile; fileRef = 6C2E37BA26B84A0B0063DEF6 /* s6-title.txt */; };
		6C2E37BF26B84FA90063DEF6 /* 123_.svg in Resources */ = {isa = PBXBuildFile; fileRef = 6C2E37BE26B84FA90063DEF6 /* 123_.svg */; };
		6C2E37C226B84FAF0063DEF6 /* download.svg in Resources */ = {isa = PBXBuildFile; fileRef = 6C2E37C026B84FAF0063DEF6 /* download.svg */; };
		6C2E37C326B84FAF0063DEF6 /* 40381.svg in Resources */ = {isa = PBXBuildFile; fileRef = 6C2E37C126B84FAF0063DEF6 /* 40381.svg */; };
		6C5CB37426B0B11C00611AC1 /* Assets.xcassets in Resources */ = {isa = PBXBuildFile; fileRef = 6C5CB37326B0B11B00611AC1 /* Assets.xcassets */; };
		6C5CB37626B0B57700611AC1 /* TabBarVC.swift in Sources */ = {isa = PBXBuildFile; fileRef = 6C5CB37526B0B57700611AC1 /* TabBarVC.swift */; };
		6C5CB37826B168F800611AC1 /* CellForData.swift in Sources */ = {isa = PBXBuildFile; fileRef = 6C5CB37726B168F800611AC1 /* CellForData.swift */; };
		6C5CB37A26B16C5600611AC1 /* ItemsViewController.swift in Sources */ = {isa = PBXBuildFile; fileRef = 6C5CB37926B16C5600611AC1 /* ItemsViewController.swift */; };
		6C5CB37C26B1D7F600611AC1 /* ImageViewForCell.swift in Sources */ = {isa = PBXBuildFile; fileRef = 6C5CB37B26B1D7F600611AC1 /* ImageViewForCell.swift */; };
		6C5CB38226B2D4CA00611AC1 /* UCViewController.swift in Sources */ = {isa = PBXBuildFile; fileRef = 6C5CB38126B2D4CA00611AC1 /* UCViewController.swift */; };
		6C5CB38626B3161D00611AC1 /* UCMainImageView.swift in Sources */ = {isa = PBXBuildFile; fileRef = 6C5CB38526B3161D00611AC1 /* UCMainImageView.swift */; };
		6C5CB38A26B3489B00611AC1 /* SViewController.swift in Sources */ = {isa = PBXBuildFile; fileRef = 6C5CB38926B3489B00611AC1 /* SViewController.swift */; };
		6C5CB38E26B4274A00611AC1 /* GViewController.swift in Sources */ = {isa = PBXBuildFile; fileRef = 6C5CB38D26B4274A00611AC1 /* GViewController.swift */; };
		6C5CB39A26B47EF900611AC1 /* GUnwrappedImageViewController.swift in Sources */ = {isa = PBXBuildFile; fileRef = 6C5CB39926B47EF900611AC1 /* GUnwrappedImageViewController.swift */; };
		6C5CB39C26B4800500611AC1 /* UCCloseLabel.swift in Sources */ = {isa = PBXBuildFile; fileRef = 6C5CB39B26B4800500611AC1 /* UCCloseLabel.swift */; };
		6C5CB3A226B4A32000611AC1 /* SettingsVC.m in Sources */ = {isa = PBXBuildFile; fileRef = 6C5CB3A126B4A32000611AC1 /* SettingsVC.m */; };
		6C5CB3AA26B594DB00611AC1 /* ColorListTableVC.m in Sources */ = {isa = PBXBuildFile; fileRef = 6C5CB3A926B594DB00611AC1 /* ColorListTableVC.m */; };
		6CE4879126B8964F00B284CF /* GImageView.swift in Sources */ = {isa = PBXBuildFile; fileRef = 6CE4879026B8964F00B284CF /* GImageView.swift */; };
/* End PBXBuildFile section */

/* Begin PBXFileReference section */
		2BB9E75826AB605700112651 /* RSSchool_T9.app */ = {isa = PBXFileReference; explicitFileType = wrapper.application; includeInIndex = 0; path = RSSchool_T9.app; sourceTree = BUILT_PRODUCTS_DIR; };
		2BB9E75B26AB605700112651 /* AppDelegate.swift */ = {isa = PBXFileReference; lastKnownFileType = sourcecode.swift; path = AppDelegate.swift; sourceTree = "<group>"; };
		2BB9E75D26AB605700112651 /* SceneDelegate.swift */ = {isa = PBXFileReference; lastKnownFileType = sourcecode.swift; path = SceneDelegate.swift; sourceTree = "<group>"; };
		2BB9E76726AB605900112651 /* Base */ = {isa = PBXFileReference; lastKnownFileType = file.storyboard; name = Base; path = Base.lproj/LaunchScreen.storyboard; sourceTree = "<group>"; };
		2BB9E76926AB605900112651 /* Info.plist */ = {isa = PBXFileReference; lastKnownFileType = text.plist.xml; name = Info.plist; path = RSSchool_T9/Start_Project/Info.plist; sourceTree = SOURCE_ROOT; };
		2BB9F29026ADFAF100F43852 /* Data.swift */ = {isa = PBXFileReference; lastKnownFileType = sourcecode.swift; path = Data.swift; sourceTree = "<group>"; };
		2BB9F29426AE01A300F43852 /* s1-title.txt */ = {isa = PBXFileReference; lastKnownFileType = text; path = "s1-title.txt"; sourceTree = "<group>"; };
		2BB9F29626AE01B800F43852 /* s1-text.txt */ = {isa = PBXFileReference; lastKnownFileType = text; path = "s1-text.txt"; sourceTree = "<group>"; };
		2BB9F2EB26AF1F6200F43852 /* story-1-path.swift */ = {isa = PBXFileReference; lastKnownFileType = sourcecode.swift; path = "story-1-path.swift"; sourceTree = "<group>"; };
		2BB9F2FD26AF556600F43852 /* s2-title.txt */ = {isa = PBXFileReference; lastKnownFileType = text; path = "s2-title.txt"; sourceTree = "<group>"; };
		2BB9F2FF26AF556C00F43852 /* s2-text.txt */ = {isa = PBXFileReference; lastKnownFileType = text; path = "s2-text.txt"; sourceTree = "<group>"; };
		2BB9F30026AF557E00F43852 /* story-2-path.swift */ = {isa = PBXFileReference; lastKnownFileType = sourcecode.swift; path = "story-2-path.swift"; sourceTree = "<group>"; };
		2BB9F30626AF5D9D00F43852 /* s3-text.txt */ = {isa = PBXFileReference; lastKnownFileType = text; path = "s3-text.txt"; sourceTree = "<group>"; };
		2BB9F30826AF5DAF00F43852 /* s3-title.txt */ = {isa = PBXFileReference; lastKnownFileType = text; path = "s3-title.txt"; sourceTree = "<group>"; };
		2BB9F30A26AF5EEC00F43852 /* story-3-path.swift */ = {isa = PBXFileReference; lastKnownFileType = sourcecode.swift; path = "story-3-path.swift"; sourceTree = "<group>"; };
		2BB9F30D26AF5FA900F43852 /* story-4-path.swift */ = {isa = PBXFileReference; lastKnownFileType = sourcecode.swift; path = "story-4-path.swift"; sourceTree = "<group>"; };
		2BB9F30F26AF5FB300F43852 /* s4-text.txt */ = {isa = PBXFileReference; lastKnownFileType = text; path = "s4-text.txt"; sourceTree = "<group>"; };
		2BB9F31126AF5FBE00F43852 /* s4-title.txt */ = {isa = PBXFileReference; lastKnownFileType = text; path = "s4-title.txt"; sourceTree = "<group>"; };
		6C2E37A326B747640063DEF6 /* UCTitleMainImage.swift */ = {isa = PBXFileReference; lastKnownFileType = sourcecode.swift; path = UCTitleMainImage.swift; sourceTree = "<group>"; };
		6C2E37A526B7F6980063DEF6 /* SCollectionView.swift */ = {isa = PBXFileReference; lastKnownFileType = sourcecode.swift; path = SCollectionView.swift; sourceTree = "<group>"; };
		6C2E37A726B7FE480063DEF6 /* SCollectionViewCell.swift */ = {isa = PBXFileReference; lastKnownFileType = sourcecode.swift; path = SCollectionViewCell.swift; sourceTree = "<group>"; };
		6C2E37AC26B83D650063DEF6 /* story-5-path.swift */ = {isa = PBXFileReference; lastKnownFileType = sourcecode.swift; path = "story-5-path.swift"; sourceTree = "<group>"; };
		6C2E37AE26B83D7B0063DEF6 /* story-6-path.swift */ = {isa = PBXFileReference; lastKnownFileType = sourcecode.swift; path = "story-6-path.swift"; sourceTree = "<group>"; };
		6C2E37B426B8457D0063DEF6 /* s5-text.txt */ = {isa = PBXFileReference; fileEncoding = 4; lastKnownFileType = text; path = "s5-text.txt"; sourceTree = "<group>"; };
		6C2E37B626B847A90063DEF6 /* s5-title.txt */ = {isa = PBXFileReference; fileEncoding = 4; lastKnownFileType = text; path = "s5-title.txt"; sourceTree = "<group>"; };
		6C2E37B826B848C80063DEF6 /* s6-text.txt */ = {isa = PBXFileReference; fileEncoding = 4; lastKnownFileType = text; path = "s6-text.txt"; sourceTree = "<group>"; };
		6C2E37BA26B84A0B0063DEF6 /* s6-title.txt */ = {isa = PBXFileReference; fileEncoding = 4; lastKnownFileType = text; path = "s6-title.txt"; sourceTree = "<group>"; };
		6C2E37BE26B84FA90063DEF6 /* 123_.svg */ = {isa = PBXFileReference; fileEncoding = 4; lastKnownFileType = text.xml; path = 123_.svg; sourceTree = "<group>"; };
		6C2E37C026B84FAF0063DEF6 /* download.svg */ = {isa = PBXFileReference; fileEncoding = 4; lastKnownFileType = text.xml; path = download.svg; sourceTree = "<group>"; };
		6C2E37C126B84FAF0063DEF6 /* 40381.svg */ = {isa = PBXFileReference; fileEncoding = 4; lastKnownFileType = text.xml; path = 40381.svg; sourceTree = "<group>"; };
		6C5CB37326B0B11B00611AC1 /* Assets.xcassets */ = {isa = PBXFileReference; lastKnownFileType = folder.assetcatalog; path = Assets.xcassets; sourceTree = "<group>"; };
		6C5CB37526B0B57700611AC1 /* TabBarVC.swift */ = {isa = PBXFileReference; lastKnownFileType = sourcecode.swift; path = TabBarVC.swift; sourceTree = "<group>"; };
		6C5CB37726B168F800611AC1 /* CellForData.swift */ = {isa = PBXFileReference; lastKnownFileType = sourcecode.swift; path = CellForData.swift; sourceTree = "<group>"; };
		6C5CB37926B16C5600611AC1 /* ItemsViewController.swift */ = {isa = PBXFileReference; lastKnownFileType = sourcecode.swift; path = ItemsViewController.swift; sourceTree = "<group>"; };
		6C5CB37B26B1D7F600611AC1 /* ImageViewForCell.swift */ = {isa = PBXFileReference; lastKnownFileType = sourcecode.swift; path = ImageViewForCell.swift; sourceTree = "<group>"; };
		6C5CB38126B2D4CA00611AC1 /* UCViewController.swift */ = {isa = PBXFileReference; lastKnownFileType = sourcecode.swift; path = UCViewController.swift; sourceTree = "<group>"; };
		6C5CB38526B3161D00611AC1 /* UCMainImageView.swift */ = {isa = PBXFileReference; lastKnownFileType = sourcecode.swift; path = UCMainImageView.swift; sourceTree = "<group>"; };
		6C5CB38926B3489B00611AC1 /* SViewController.swift */ = {isa = PBXFileReference; lastKnownFileType = sourcecode.swift; path = SViewController.swift; sourceTree = "<group>"; };
		6C5CB38D26B4274A00611AC1 /* GViewController.swift */ = {isa = PBXFileReference; lastKnownFileType = sourcecode.swift; path = GViewController.swift; sourceTree = "<group>"; };
		6C5CB39926B47EF900611AC1 /* GUnwrappedImageViewController.swift */ = {isa = PBXFileReference; lastKnownFileType = sourcecode.swift; path = GUnwrappedImageViewController.swift; sourceTree = "<group>"; };
		6C5CB39B26B4800500611AC1 /* UCCloseLabel.swift */ = {isa = PBXFileReference; lastKnownFileType = sourcecode.swift; path = UCCloseLabel.swift; sourceTree = "<group>"; };
		6C5CB39F26B4A31F00611AC1 /* RSSchool_T9-Bridging-Header.h */ = {isa = PBXFileReference; lastKnownFileType = sourcecode.c.h; path = "RSSchool_T9-Bridging-Header.h"; sourceTree = "<group>"; };
		6C5CB3A026B4A32000611AC1 /* SettingsVC.h */ = {isa = PBXFileReference; lastKnownFileType = sourcecode.c.h; path = SettingsVC.h; sourceTree = "<group>"; };
		6C5CB3A126B4A32000611AC1 /* SettingsVC.m */ = {isa = PBXFileReference; lastKnownFileType = sourcecode.c.objc; path = SettingsVC.m; sourceTree = "<group>"; };
		6C5CB3A826B594DB00611AC1 /* ColorListTableVC.h */ = {isa = PBXFileReference; lastKnownFileType = sourcecode.c.h; path = ColorListTableVC.h; sourceTree = "<group>"; };
		6C5CB3A926B594DB00611AC1 /* ColorListTableVC.m */ = {isa = PBXFileReference; lastKnownFileType = sourcecode.c.objc; path = ColorListTableVC.m; sourceTree = "<group>"; };
		6CE4879026B8964F00B284CF /* GImageView.swift */ = {isa = PBXFileReference; fileEncoding = 4; lastKnownFileType = sourcecode.swift; path = GImageView.swift; sourceTree = "<group>"; };
/* End PBXFileReference section */

/* Begin PBXFrameworksBuildPhase section */
		2BB9E75526AB605700112651 /* Frameworks */ = {
			isa = PBXFrameworksBuildPhase;
			buildActionMask = 2147483647;
			files = (
			);
			runOnlyForDeploymentPostprocessing = 0;
		};
/* End PBXFrameworksBuildPhase section */

/* Begin PBXGroup section */
		2BB9E74F26AB605700112651 = {
			isa = PBXGroup;
			children = (
				2BB9E75A26AB605700112651 /* RSSchool_T9 */,
				2BB9E75926AB605700112651 /* Products */,
			);
			sourceTree = "<group>";
		};
		2BB9E75926AB605700112651 /* Products */ = {
			isa = PBXGroup;
			children = (
				2BB9E75826AB605700112651 /* RSSchool_T9.app */,
			);
			name = Products;
			sourceTree = "<group>";
		};
		2BB9E75A26AB605700112651 /* RSSchool_T9 */ = {
			isa = PBXGroup;
			children = (
				6C5CB37226B0B0A500611AC1 /* Start_Project */,
				6C5CB39F26B4A31F00611AC1 /* RSSchool_T9-Bridging-Header.h */,
				6C5CB37526B0B57700611AC1 /* TabBarVC.swift */,
				6C5CB39326B466C300611AC1 /* Items */,
				6C5CB3A326B4A32600611AC1 /* Settings */,
				6C5CB39426B466EC00611AC1 /* UnwrappedCell */,
			);
			path = RSSchool_T9;
			sourceTree = "<group>";
		};
		2BB9F28F26ADFAEB00F43852 /* Data */ = {
			isa = PBXGroup;
			children = (
				2BB9F29226AE017D00F43852 /* Static */,
				2BB9F29026ADFAF100F43852 /* Data.swift */,
			);
			path = Data;
			sourceTree = "<group>";
		};
		2BB9F29226AE017D00F43852 /* Static */ = {
			isa = PBXGroup;
			children = (
				6C2E37AB26B83D030063DEF6 /* story-6 */,
				6C2E37AA26B83CF90063DEF6 /* story-5 */,
				2BB9F30C26AF5F9C00F43852 /* story-4 */,
				2BB9F30326AF5D7E00F43852 /* story-3 */,
				2BB9F2FC26AF554C00F43852 /* story-2 */,
				2BB9F29326AE018200F43852 /* story-1 */,
			);
			path = Static;
			sourceTree = "<group>";
		};
		2BB9F29326AE018200F43852 /* story-1 */ = {
			isa = PBXGroup;
			children = (
				2BB9F29426AE01A300F43852 /* s1-title.txt */,
				2BB9F29626AE01B800F43852 /* s1-text.txt */,
				2BB9F2EB26AF1F6200F43852 /* story-1-path.swift */,
			);
			path = "story-1";
			sourceTree = "<group>";
		};
		2BB9F2FC26AF554C00F43852 /* story-2 */ = {
			isa = PBXGroup;
			children = (
				2BB9F2FF26AF556C00F43852 /* s2-text.txt */,
				2BB9F2FD26AF556600F43852 /* s2-title.txt */,
				2BB9F30026AF557E00F43852 /* story-2-path.swift */,
			);
			path = "story-2";
			sourceTree = "<group>";
		};
		2BB9F30326AF5D7E00F43852 /* story-3 */ = {
			isa = PBXGroup;
			children = (
				2BB9F30626AF5D9D00F43852 /* s3-text.txt */,
				2BB9F30826AF5DAF00F43852 /* s3-title.txt */,
				2BB9F30A26AF5EEC00F43852 /* story-3-path.swift */,
			);
			path = "story-3";
			sourceTree = "<group>";
		};
		2BB9F30C26AF5F9C00F43852 /* story-4 */ = {
			isa = PBXGroup;
			children = (
				2BB9F30D26AF5FA900F43852 /* story-4-path.swift */,
				2BB9F30F26AF5FB300F43852 /* s4-text.txt */,
				2BB9F31126AF5FBE00F43852 /* s4-title.txt */,
			);
			path = "story-4";
			sourceTree = "<group>";
		};
		6C2E37A926B818E10063DEF6 /* UnwrappedCellRootClass */ = {
			isa = PBXGroup;
			children = (
				6C5CB38126B2D4CA00611AC1 /* UCViewController.swift */,
				6C5CB39B26B4800500611AC1 /* UCCloseLabel.swift */,
				6C5CB38526B3161D00611AC1 /* UCMainImageView.swift */,
				6C2E37A326B747640063DEF6 /* UCTitleMainImage.swift */,
			);
			path = UnwrappedCellRootClass;
			sourceTree = "<group>";
		};
		6C2E37AA26B83CF90063DEF6 /* story-5 */ = {
			isa = PBXGroup;
			children = (
				6C2E37BE26B84FA90063DEF6 /* 123_.svg */,
				6C2E37C126B84FAF0063DEF6 /* 40381.svg */,
				6C2E37C026B84FAF0063DEF6 /* download.svg */,
				6C2E37B426B8457D0063DEF6 /* s5-text.txt */,
				6C2E37B626B847A90063DEF6 /* s5-title.txt */,
				6C2E37AC26B83D650063DEF6 /* story-5-path.swift */,
			);
			path = "story-5";
			sourceTree = "<group>";
		};
		6C2E37AB26B83D030063DEF6 /* story-6 */ = {
			isa = PBXGroup;
			children = (
				6C2E37BA26B84A0B0063DEF6 /* s6-title.txt */,
				6C2E37B826B848C80063DEF6 /* s6-text.txt */,
				6C2E37AE26B83D7B0063DEF6 /* story-6-path.swift */,
			);
			path = "story-6";
			sourceTree = "<group>";
		};
		6C5CB37226B0B0A500611AC1 /* Start_Project */ = {
			isa = PBXGroup;
			children = (
				2BB9F28F26ADFAEB00F43852 /* Data */,
				2BB9E75B26AB605700112651 /* AppDelegate.swift */,
				6C5CB37326B0B11B00611AC1 /* Assets.xcassets */,
				2BB9E76626AB605900112651 /* LaunchScreen.storyboard */,
				2BB9E76926AB605900112651 /* Info.plist */,
				2BB9E75D26AB605700112651 /* SceneDelegate.swift */,
			);
			path = Start_Project;
			sourceTree = "<group>";
		};
		6C5CB39326B466C300611AC1 /* Items */ = {
			isa = PBXGroup;
			children = (
				6C5CB37926B16C5600611AC1 /* ItemsViewController.swift */,
				6C5CB37726B168F800611AC1 /* CellForData.swift */,
				6C5CB37B26B1D7F600611AC1 /* ImageViewForCell.swift */,
			);
			path = Items;
			sourceTree = "<group>";
		};
		6C5CB39426B466EC00611AC1 /* UnwrappedCell */ = {
			isa = PBXGroup;
			children = (
				6C2E37A926B818E10063DEF6 /* UnwrappedCellRootClass */,
				6C5CB39626B4672900611AC1 /* Galery */,
				6C5CB39526B4671A00611AC1 /* Story */,
			);
			path = UnwrappedCell;
			sourceTree = "<group>";
		};
		6C5CB39526B4671A00611AC1 /* Story */ = {
			isa = PBXGroup;
			children = (
				6C5CB38926B3489B00611AC1 /* SViewController.swift */,
				6C2E37A526B7F6980063DEF6 /* SCollectionView.swift */,
				6C2E37A726B7FE480063DEF6 /* SCollectionViewCell.swift */,
			);
			path = Story;
			sourceTree = "<group>";
		};
		6C5CB39626B4672900611AC1 /* Galery */ = {
			isa = PBXGroup;
			children = (
				6CE4879026B8964F00B284CF /* GImageView.swift */,
				6C5CB38D26B4274A00611AC1 /* GViewController.swift */,
				6C5CB39926B47EF900611AC1 /* GUnwrappedImageViewController.swift */,
			);
			path = Galery;
			sourceTree = "<group>";
		};
		6C5CB3A326B4A32600611AC1 /* Settings */ = {
			isa = PBXGroup;
			children = (
				6C5CB3A726B5943C00611AC1 /* SettingVC */,
				6C5CB3AB26B5950A00611AC1 /* ColorList */,
			);
			path = Settings;
			sourceTree = "<group>";
		};
		6C5CB3A726B5943C00611AC1 /* SettingVC */ = {
			isa = PBXGroup;
			children = (
				6C5CB3A026B4A32000611AC1 /* SettingsVC.h */,
				6C5CB3A126B4A32000611AC1 /* SettingsVC.m */,
			);
			path = SettingVC;
			sourceTree = "<group>";
		};
		6C5CB3AB26B5950A00611AC1 /* ColorList */ = {
			isa = PBXGroup;
			children = (
				6C5CB3A826B594DB00611AC1 /* ColorListTableVC.h */,
				6C5CB3A926B594DB00611AC1 /* ColorListTableVC.m */,
			);
			path = ColorList;
			sourceTree = "<group>";
		};
/* End PBXGroup section */

/* Begin PBXNativeTarget section */
		2BB9E75726AB605700112651 /* RSSchool_T9 */ = {
			isa = PBXNativeTarget;
			buildConfigurationList = 2BB9E76C26AB605900112651 /* Build configuration list for PBXNativeTarget "RSSchool_T9" */;
			buildPhases = (
				2BB9E75426AB605700112651 /* Sources */,
				2BB9E75526AB605700112651 /* Frameworks */,
				2BB9E75626AB605700112651 /* Resources */,
			);
			buildRules = (
			);
			dependencies = (
			);
			name = RSSchool_T9;
			productName = RSSchool_T9;
			productReference = 2BB9E75826AB605700112651 /* RSSchool_T9.app */;
			productType = "com.apple.product-type.application";
		};
/* End PBXNativeTarget section */

/* Begin PBXProject section */
		2BB9E75026AB605700112651 /* Project object */ = {
			isa = PBXProject;
			attributes = {
				CLASSPREFIX = RS;
				LastSwiftUpdateCheck = 1250;
				LastUpgradeCheck = 1250;
				ORGANIZATIONNAME = RSSchool;
				TargetAttributes = {
					2BB9E75726AB605700112651 = {
						CreatedOnToolsVersion = 12.5.1;
						LastSwiftMigration = 1250;
					};
				};
			};
			buildConfigurationList = 2BB9E75326AB605700112651 /* Build configuration list for PBXProject "RSSchool_T9" */;
			compatibilityVersion = "Xcode 9.3";
			developmentRegion = en;
			hasScannedForEncodings = 0;
			knownRegions = (
				en,
				Base,
			);
			mainGroup = 2BB9E74F26AB605700112651;
			productRefGroup = 2BB9E75926AB605700112651 /* Products */;
			projectDirPath = "";
			projectRoot = "";
			targets = (
				2BB9E75726AB605700112651 /* RSSchool_T9 */,
			);
		};
/* End PBXProject section */

/* Begin PBXResourcesBuildPhase section */
		2BB9E75626AB605700112651 /* Resources */ = {
			isa = PBXResourcesBuildPhase;
			buildActionMask = 2147483647;
			files = (
				2BB9E76826AB605900112651 /* LaunchScreen.storyboard in Resources */,
				2BB9F30726AF5D9D00F43852 /* s3-text.txt in Resources */,
				6C2E37B926B848C80063DEF6 /* s6-text.txt in Resources */,
				6C5CB37426B0B11C00611AC1 /* Assets.xcassets in Resources */,
				2BB9F30926AF5DAF00F43852 /* s3-title.txt in Resources */,
				2BB9F31226AF5FBE00F43852 /* s4-title.txt in Resources */,
				6C2E37BB26B84A0B0063DEF6 /* s6-title.txt in Resources */,
				2BB9F29526AE01A300F43852 /* s1-title.txt in Resources */,
				2BB9F31026AF5FB300F43852 /* s4-text.txt in Resources */,
				6C2E37C326B84FAF0063DEF6 /* 40381.svg in Resources */,
				2BB9F2FE26AF556600F43852 /* s2-title.txt in Resources */,
				6C2E37C226B84FAF0063DEF6 /* download.svg in Resources */,
				2BB9F30226AF57B500F43852 /* s2-text.txt in Resources */,
				6C2E37BF26B84FA90063DEF6 /* 123_.svg in Resources */,
				6C2E37B726B847A90063DEF6 /* s5-title.txt in Resources */,
				2BB9F29726AE01B800F43852 /* s1-text.txt in Resources */,
				6C2E37B526B8457D0063DEF6 /* s5-text.txt in Resources */,
			);
			runOnlyForDeploymentPostprocessing = 0;
		};
/* End PBXResourcesBuildPhase section */

/* Begin PBXSourcesBuildPhase section */
		2BB9E75426AB605700112651 /* Sources */ = {
			isa = PBXSourcesBuildPhase;
			buildActionMask = 2147483647;
			files = (
				6C5CB38226B2D4CA00611AC1 /* UCViewController.swift in Sources */,
				6C2E37A626B7F6980063DEF6 /* SCollectionView.swift in Sources */,
				6C5CB3A226B4A32000611AC1 /* SettingsVC.m in Sources */,
				6C5CB37A26B16C5600611AC1 /* ItemsViewController.swift in Sources */,
				6C5CB3AA26B594DB00611AC1 /* ColorListTableVC.m in Sources */,
				6C5CB39C26B4800500611AC1 /* UCCloseLabel.swift in Sources */,
				6C5CB37C26B1D7F600611AC1 /* ImageViewForCell.swift in Sources */,
				6C5CB38A26B3489B00611AC1 /* SViewController.swift in Sources */,
				6C5CB37826B168F800611AC1 /* CellForData.swift in Sources */,
				2BB9F30126AF557E00F43852 /* story-2-path.swift in Sources */,
				6C2E37AD26B83D650063DEF6 /* story-5-path.swift in Sources */,
				6C2E37A826B7FE480063DEF6 /* SCollectionViewCell.swift in Sources */,
				2BB9E75C26AB605700112651 /* AppDelegate.swift in Sources */,
				6C5CB38626B3161D00611AC1 /* UCMainImageView.swift in Sources */,
				6C5CB38E26B4274A00611AC1 /* GViewController.swift in Sources */,
				2BB9F30B26AF5EEC00F43852 /* story-3-path.swift in Sources */,
				2BB9F29126ADFAF100F43852 /* Data.swift in Sources */,
				6CE4879126B8964F00B284CF /* GImageView.swift in Sources */,
				6C5CB37626B0B57700611AC1 /* TabBarVC.swift in Sources */,
				6C2E37AF26B83D7B0063DEF6 /* story-6-path.swift in Sources */,
				2BB9F2EC26AF1F6200F43852 /* story-1-path.swift in Sources */,
				6C2E37A426B747640063DEF6 /* UCTitleMainImage.swift in Sources */,
				6C5CB39A26B47EF900611AC1 /* GUnwrappedImageViewController.swift in Sources */,
				2BB9F30E26AF5FA900F43852 /* story-4-path.swift in Sources */,
				2BB9E75E26AB605700112651 /* SceneDelegate.swift in Sources */,
			);
			runOnlyForDeploymentPostprocessing = 0;
		};
/* End PBXSourcesBuildPhase section */

/* Begin PBXVariantGroup section */
		2BB9E76626AB605900112651 /* LaunchScreen.storyboard */ = {
			isa = PBXVariantGroup;
			children = (
				2BB9E76726AB605900112651 /* Base */,
			);
			name = LaunchScreen.storyboard;
			sourceTree = "<group>";
		};
/* End PBXVariantGroup section */

/* Begin XCBuildConfiguration section */
		2BB9E76A26AB605900112651 /* Debug */ = {
			isa = XCBuildConfiguration;
			buildSettings = {
				ALWAYS_SEARCH_USER_PATHS = NO;
				CLANG_ANALYZER_NONNULL = YES;
				CLANG_ANALYZER_NUMBER_OBJECT_CONVERSION = YES_AGGRESSIVE;
				CLANG_CXX_LANGUAGE_STANDARD = "gnu++14";
				CLANG_CXX_LIBRARY = "libc++";
				CLANG_ENABLE_MODULES = YES;
				CLANG_ENABLE_OBJC_ARC = YES;
				CLANG_ENABLE_OBJC_WEAK = YES;
				CLANG_WARN_BLOCK_CAPTURE_AUTORELEASING = YES;
				CLANG_WARN_BOOL_CONVERSION = YES;
				CLANG_WARN_COMMA = YES;
				CLANG_WARN_CONSTANT_CONVERSION = YES;
				CLANG_WARN_DEPRECATED_OBJC_IMPLEMENTATIONS = YES;
				CLANG_WARN_DIRECT_OBJC_ISA_USAGE = YES_ERROR;
				CLANG_WARN_DOCUMENTATION_COMMENTS = YES;
				CLANG_WARN_EMPTY_BODY = YES;
				CLANG_WARN_ENUM_CONVERSION = YES;
				CLANG_WARN_INFINITE_RECURSION = YES;
				CLANG_WARN_INT_CONVERSION = YES;
				CLANG_WARN_NON_LITERAL_NULL_CONVERSION = YES;
				CLANG_WARN_OBJC_IMPLICIT_RETAIN_SELF = YES;
				CLANG_WARN_OBJC_LITERAL_CONVERSION = YES;
				CLANG_WARN_OBJC_ROOT_CLASS = YES_ERROR;
				CLANG_WARN_QUOTED_INCLUDE_IN_FRAMEWORK_HEADER = YES;
				CLANG_WARN_RANGE_LOOP_ANALYSIS = YES;
				CLANG_WARN_STRICT_PROTOTYPES = YES;
				CLANG_WARN_SUSPICIOUS_MOVE = YES;
				CLANG_WARN_UNGUARDED_AVAILABILITY = YES_AGGRESSIVE;
				CLANG_WARN_UNREACHABLE_CODE = YES;
				CLANG_WARN__DUPLICATE_METHOD_MATCH = YES;
				COPY_PHASE_STRIP = NO;
				DEBUG_INFORMATION_FORMAT = dwarf;
				ENABLE_STRICT_OBJC_MSGSEND = YES;
				ENABLE_TESTABILITY = YES;
				GCC_C_LANGUAGE_STANDARD = gnu11;
				GCC_DYNAMIC_NO_PIC = NO;
				GCC_NO_COMMON_BLOCKS = YES;
				GCC_OPTIMIZATION_LEVEL = 0;
				GCC_PREPROCESSOR_DEFINITIONS = (
					"DEBUG=1",
					"$(inherited)",
				);
				GCC_WARN_64_TO_32_BIT_CONVERSION = YES;
				GCC_WARN_ABOUT_RETURN_TYPE = YES_ERROR;
				GCC_WARN_UNDECLARED_SELECTOR = YES;
				GCC_WARN_UNINITIALIZED_AUTOS = YES_AGGRESSIVE;
				GCC_WARN_UNUSED_FUNCTION = YES;
				GCC_WARN_UNUSED_VARIABLE = YES;
				INFOPLIST_FILE = RSSchool_T9/Start_Project/Info.plist;
				"INFOPLIST_FILE[sdk=*]" = RSSchool_T9/Start_Project/Info.plist;
				IPHONEOS_DEPLOYMENT_TARGET = 13.0;
				MTL_ENABLE_DEBUG_INFO = INCLUDE_SOURCE;
				MTL_FAST_MATH = YES;
				ONLY_ACTIVE_ARCH = YES;
				SDKROOT = iphoneos;
				SWIFT_ACTIVE_COMPILATION_CONDITIONS = DEBUG;
				SWIFT_OPTIMIZATION_LEVEL = "-Onone";
			};
			name = Debug;
		};
		2BB9E76B26AB605900112651 /* Release */ = {
			isa = XCBuildConfiguration;
			buildSettings = {
				ALWAYS_SEARCH_USER_PATHS = NO;
				CLANG_ANALYZER_NONNULL = YES;
				CLANG_ANALYZER_NUMBER_OBJECT_CONVERSION = YES_AGGRESSIVE;
				CLANG_CXX_LANGUAGE_STANDARD = "gnu++14";
				CLANG_CXX_LIBRARY = "libc++";
				CLANG_ENABLE_MODULES = YES;
				CLANG_ENABLE_OBJC_ARC = YES;
				CLANG_ENABLE_OBJC_WEAK = YES;
				CLANG_WARN_BLOCK_CAPTURE_AUTORELEASING = YES;
				CLANG_WARN_BOOL_CONVERSION = YES;
				CLANG_WARN_COMMA = YES;
				CLANG_WARN_CONSTANT_CONVERSION = YES;
				CLANG_WARN_DEPRECATED_OBJC_IMPLEMENTATIONS = YES;
				CLANG_WARN_DIRECT_OBJC_ISA_USAGE = YES_ERROR;
				CLANG_WARN_DOCUMENTATION_COMMENTS = YES;
				CLANG_WARN_EMPTY_BODY = YES;
				CLANG_WARN_ENUM_CONVERSION = YES;
				CLANG_WARN_INFINITE_RECURSION = YES;
				CLANG_WARN_INT_CONVERSION = YES;
				CLANG_WARN_NON_LITERAL_NULL_CONVERSION = YES;
				CLANG_WARN_OBJC_IMPLICIT_RETAIN_SELF = YES;
				CLANG_WARN_OBJC_LITERAL_CONVERSION = YES;
				CLANG_WARN_OBJC_ROOT_CLASS = YES_ERROR;
				CLANG_WARN_QUOTED_INCLUDE_IN_FRAMEWORK_HEADER = YES;
				CLANG_WARN_RANGE_LOOP_ANALYSIS = YES;
				CLANG_WARN_STRICT_PROTOTYPES = YES;
				CLANG_WARN_SUSPICIOUS_MOVE = YES;
				CLANG_WARN_UNGUARDED_AVAILABILITY = YES_AGGRESSIVE;
				CLANG_WARN_UNREACHABLE_CODE = YES;
				CLANG_WARN__DUPLICATE_METHOD_MATCH = YES;
				COPY_PHASE_STRIP = NO;
				DEBUG_INFORMATION_FORMAT = "dwarf-with-dsym";
				ENABLE_NS_ASSERTIONS = NO;
				ENABLE_STRICT_OBJC_MSGSEND = YES;
				GCC_C_LANGUAGE_STANDARD = gnu11;
				GCC_NO_COMMON_BLOCKS = YES;
				GCC_WARN_64_TO_32_BIT_CONVERSION = YES;
				GCC_WARN_ABOUT_RETURN_TYPE = YES_ERROR;
				GCC_WARN_UNDECLARED_SELECTOR = YES;
				GCC_WARN_UNINITIALIZED_AUTOS = YES_AGGRESSIVE;
				GCC_WARN_UNUSED_FUNCTION = YES;
				GCC_WARN_UNUSED_VARIABLE = YES;
				INFOPLIST_FILE = RSSchool_T9/Start_Project/Info.plist;
				IPHONEOS_DEPLOYMENT_TARGET = 13.0;
				MTL_ENABLE_DEBUG_INFO = NO;
				MTL_FAST_MATH = YES;
				SDKROOT = iphoneos;
				SWIFT_COMPILATION_MODE = wholemodule;
				SWIFT_OPTIMIZATION_LEVEL = "-O";
				VALIDATE_PRODUCT = YES;
			};
			name = Release;
		};
		2BB9E76D26AB605900112651 /* Debug */ = {
			isa = XCBuildConfiguration;
			buildSettings = {
				ASSETCATALOG_COMPILER_APPICON_NAME = AppIcon;
				ASSETCATALOG_COMPILER_GLOBAL_ACCENT_COLOR_NAME = AccentColor;
				CLANG_ENABLE_MODULES = YES;
				CODE_SIGN_STYLE = Automatic;
				INFOPLIST_FILE = RSSchool_T9/Start_Project/Info.plist;
				IPHONEOS_DEPLOYMENT_TARGET = 13.0;
				LD_RUNPATH_SEARCH_PATHS = (
					"$(inherited)",
					"@executable_path/Frameworks",
				);
				PRODUCT_BUNDLE_IDENTIFIER = "PoliubinEE.RSSchool-T9";
				PRODUCT_NAME = "$(TARGET_NAME)";
				SWIFT_OBJC_BRIDGING_HEADER = "RSSchool_T9/RSSchool_T9-Bridging-Header.h";
				SWIFT_OPTIMIZATION_LEVEL = "-Onone";
				SWIFT_VERSION = 5.0;
				TARGETED_DEVICE_FAMILY = 1;
			};
			name = Debug;
		};
		2BB9E76E26AB605900112651 /* Release */ = {
			isa = XCBuildConfiguration;
			buildSettings = {
				ASSETCATALOG_COMPILER_APPICON_NAME = AppIcon;
				ASSETCATALOG_COMPILER_GLOBAL_ACCENT_COLOR_NAME = AccentColor;
				CLANG_ENABLE_MODULES = YES;
				CODE_SIGN_STYLE = Automatic;
				INFOPLIST_FILE = RSSchool_T9/Start_Project/Info.plist;
				IPHONEOS_DEPLOYMENT_TARGET = 13.0;
				LD_RUNPATH_SEARCH_PATHS = (
					"$(inherited)",
					"@executable_path/Frameworks",
				);
				PRODUCT_BUNDLE_IDENTIFIER = "PoliubinEE.RSSchool-T9";
				PRODUCT_NAME = "$(TARGET_NAME)";
				SWIFT_OBJC_BRIDGING_HEADER = "RSSchool_T9/RSSchool_T9-Bridging-Header.h";
				SWIFT_VERSION = 5.0;
				TARGETED_DEVICE_FAMILY = 1;
			};
			name = Release;
		};
/* End XCBuildConfiguration section */

/* Begin XCConfigurationList section */
		2BB9E75326AB605700112651 /* Build configuration list for PBXProject "RSSchool_T9" */ = {
			isa = XCConfigurationList;
			buildConfigurations = (
				2BB9E76A26AB605900112651 /* Debug */,
				2BB9E76B26AB605900112651 /* Release */,
			);
			defaultConfigurationIsVisible = 0;
			defaultConfigurationName = Release;
		};
		2BB9E76C26AB605900112651 /* Build configuration list for PBXNativeTarget "RSSchool_T9" */ = {
			isa = XCConfigurationList;
			buildConfigurations = (
				2BB9E76D26AB605900112651 /* Debug */,
				2BB9E76E26AB605900112651 /* Release */,
			);
			defaultConfigurationIsVisible = 0;
			defaultConfigurationName = Release;
		};
/* End XCConfigurationList section */
	};
	rootObject = 2BB9E75026AB605700112651 /* Project object */;
}
